// !$*UTF8*$!
{
	archiveVersion = 1;
	classes = {
	};
	objectVersion = 50;
	objects = {

/* Begin PBXBuildFile section */
		7F049616267E14ED0045A6FB /* HomeView.swift in Sources */ = {isa = PBXBuildFile; fileRef = 7F049615267E14ED0045A6FB /* HomeView.swift */; };
		7F049618267E19D00045A6FB /* HomeVM.swift in Sources */ = {isa = PBXBuildFile; fileRef = 7F049617267E19D00045A6FB /* HomeVM.swift */; };
		7F66A241265E6A6800B891DD /* CoinSelectionView.swift in Sources */ = {isa = PBXBuildFile; fileRef = 7F66A240265E6A6800B891DD /* CoinSelectionView.swift */; };
		7F66A243265E901500B891DD /* AppViewModel.swift in Sources */ = {isa = PBXBuildFile; fileRef = 7F66A242265E901500B891DD /* AppViewModel.swift */; };
		7F66A245265ED84B00B891DD /* CryptoDetail.swift in Sources */ = {isa = PBXBuildFile; fileRef = 7F66A244265ED84B00B891DD /* CryptoDetail.swift */; };
		7F6881CB267B3C62001E38EE /* CryFiatTests.swift in Sources */ = {isa = PBXBuildFile; fileRef = 7F6881CA267B3C62001E38EE /* CryFiatTests.swift */; };
		7F6881D3267B3CFD001E38EE /* CoinDecoderTest.swift in Sources */ = {isa = PBXBuildFile; fileRef = 7F6881D2267B3CFD001E38EE /* CoinDecoderTest.swift */; };
		7F6881D8267B473F001E38EE /* coins.json in Resources */ = {isa = PBXBuildFile; fileRef = 7F6881D7267B473F001E38EE /* coins.json */; };
		7F6967DF267774B60038E896 /* SearchBarView.swift in Sources */ = {isa = PBXBuildFile; fileRef = 7F6967DE267774B60038E896 /* SearchBarView.swift */; };
		7F6967E226777BC50038E896 /* UIApplication+Extension.swift in Sources */ = {isa = PBXBuildFile; fileRef = 7F6967E126777BC50038E896 /* UIApplication+Extension.swift */; };
		7F6967E5267782DC0038E896 /* Coin.swift in Sources */ = {isa = PBXBuildFile; fileRef = 7F6967E4267782DC0038E896 /* Coin.swift */; };
		7F6CE3F026769E08006E3FD2 /* FileService.swift in Sources */ = {isa = PBXBuildFile; fileRef = 7F6CE3EF26769E08006E3FD2 /* FileService.swift */; };
		7F71B7BE267BACC400B1745A /* UserCoins.xcdatamodeld in Sources */ = {isa = PBXBuildFile; fileRef = 7F71B7BC267BACC400B1745A /* UserCoins.xcdatamodeld */; };
		7F773B25266D3AC30053CE3F /* TestView.swift in Sources */ = {isa = PBXBuildFile; fileRef = 7F773B24266D3AC30053CE3F /* TestView.swift */; };
		7F782F1326579EC700A358D2 /* CryFiatApp.swift in Sources */ = {isa = PBXBuildFile; fileRef = 7F782F1226579EC700A358D2 /* CryFiatApp.swift */; };
		7F782F1526579EC700A358D2 /* ContentView.swift in Sources */ = {isa = PBXBuildFile; fileRef = 7F782F1426579EC700A358D2 /* ContentView.swift */; };
		7F782F1A26579EC900A358D2 /* Preview Assets.xcassets in Resources */ = {isa = PBXBuildFile; fileRef = 7F782F1926579EC900A358D2 /* Preview Assets.xcassets */; };
		7F782F252657A1BB00A358D2 /* APICryptoService.swift in Sources */ = {isa = PBXBuildFile; fileRef = 7F782F242657A1BB00A358D2 /* APICryptoService.swift */; };
		7F782F272657C30600A358D2 /* DataStoreModel.swift in Sources */ = {isa = PBXBuildFile; fileRef = 7F782F262657C30600A358D2 /* DataStoreModel.swift */; };
		7F782F292657EAF400A358D2 /* CryptocurrencyStructures.swift in Sources */ = {isa = PBXBuildFile; fileRef = 7F782F282657EAF400A358D2 /* CryptocurrencyStructures.swift */; };
		7F7865F92678B7E600D74C1D /* Double+Extension.swift in Sources */ = {isa = PBXBuildFile; fileRef = 7F7865F82678B7E600D74C1D /* Double+Extension.swift */; };
		7F7865FB26792C8E00D74C1D /* CoinSizeCardView.swift in Sources */ = {isa = PBXBuildFile; fileRef = 7F7865FA26792C8E00D74C1D /* CoinSizeCardView.swift */; };
		7F7876AF2674C3B900A2C54F /* CoinSelectionVM.swift in Sources */ = {isa = PBXBuildFile; fileRef = 7F7876AE2674C3B900A2C54F /* CoinSelectionVM.swift */; };
		7F7876B22674C99900A2C54F /* CoinMarketService.swift in Sources */ = {isa = PBXBuildFile; fileRef = 7F7876B12674C99900A2C54F /* CoinMarketService.swift */; };
		7F7876B42674DB5E00A2C54F /* DownloadService.swift in Sources */ = {isa = PBXBuildFile; fileRef = 7F7876B32674DB5E00A2C54F /* DownloadService.swift */; };
		7F7876B92674FB1D00A2C54F /* CoinImageView.swift in Sources */ = {isa = PBXBuildFile; fileRef = 7F7876B82674FB1D00A2C54F /* CoinImageView.swift */; };
		7F7876BB2674FB2F00A2C54F /* CoinImageVM.swift in Sources */ = {isa = PBXBuildFile; fileRef = 7F7876BA2674FB2F00A2C54F /* CoinImageVM.swift */; };
		7F7876BD2674FD9800A2C54F /* CoinImageService.swift in Sources */ = {isa = PBXBuildFile; fileRef = 7F7876BC2674FD9800A2C54F /* CoinImageService.swift */; };
		7F7876BF2675090A00A2C54F /* CoinCardView.swift in Sources */ = {isa = PBXBuildFile; fileRef = 7F7876BE2675090A00A2C54F /* CoinCardView.swift */; };
		7F7876C126750AFF00A2C54F /* PreviewVM.swift in Sources */ = {isa = PBXBuildFile; fileRef = 7F7876C026750AFF00A2C54F /* PreviewVM.swift */; };
		7F798CAA267A1D25001DD404 /* CardSizeViewModifier.swift in Sources */ = {isa = PBXBuildFile; fileRef = 7F798CA9267A1D25001DD404 /* CardSizeViewModifier.swift */; };
		7F798CAC267A3D35001DD404 /* Assets.xcassets in Resources */ = {isa = PBXBuildFile; fileRef = 7F798CAB267A3D35001DD404 /* Assets.xcassets */; };
		7F81262F267BD722006A96AD /* LocalDataService.swift in Sources */ = {isa = PBXBuildFile; fileRef = 7F81262E267BD722006A96AD /* LocalDataService.swift */; };
		7F946CF826590DD9004DBB35 /* FileManager+Extension.swift in Sources */ = {isa = PBXBuildFile; fileRef = 7F946CF726590DD9004DBB35 /* FileManager+Extension.swift */; };
		7F946CFA265915ED004DBB35 /* JsonFile.swift in Sources */ = {isa = PBXBuildFile; fileRef = 7F946CF9265915ED004DBB35 /* JsonFile.swift */; };
		7FDB1F8B266005A200403135 /* DetailContent.swift in Sources */ = {isa = PBXBuildFile; fileRef = 7FDB1F8A266005A200403135 /* DetailContent.swift */; };
/* End PBXBuildFile section */

/* Begin PBXContainerItemProxy section */
		7F6881CD267B3C62001E38EE /* PBXContainerItemProxy */ = {
			isa = PBXContainerItemProxy;
			containerPortal = 7F782F0726579EC700A358D2 /* Project object */;
			proxyType = 1;
			remoteGlobalIDString = 7F782F0E26579EC700A358D2;
			remoteInfo = CryFiat;
		};
/* End PBXContainerItemProxy section */

/* Begin PBXFileReference section */
		7F049615267E14ED0045A6FB /* HomeView.swift */ = {isa = PBXFileReference; lastKnownFileType = sourcecode.swift; path = HomeView.swift; sourceTree = "<group>"; };
		7F049617267E19D00045A6FB /* HomeVM.swift */ = {isa = PBXFileReference; lastKnownFileType = sourcecode.swift; path = HomeVM.swift; sourceTree = "<group>"; };
		7F66A240265E6A6800B891DD /* CoinSelectionView.swift */ = {isa = PBXFileReference; lastKnownFileType = sourcecode.swift; path = CoinSelectionView.swift; sourceTree = "<group>"; };
		7F66A242265E901500B891DD /* AppViewModel.swift */ = {isa = PBXFileReference; lastKnownFileType = sourcecode.swift; path = AppViewModel.swift; sourceTree = "<group>"; };
		7F66A244265ED84B00B891DD /* CryptoDetail.swift */ = {isa = PBXFileReference; lastKnownFileType = sourcecode.swift; path = CryptoDetail.swift; sourceTree = "<group>"; };
		7F6881C8267B3C62001E38EE /* CryFiatTests.xctest */ = {isa = PBXFileReference; explicitFileType = wrapper.cfbundle; includeInIndex = 0; path = CryFiatTests.xctest; sourceTree = BUILT_PRODUCTS_DIR; };
		7F6881CA267B3C62001E38EE /* CryFiatTests.swift */ = {isa = PBXFileReference; lastKnownFileType = sourcecode.swift; path = CryFiatTests.swift; sourceTree = "<group>"; };
		7F6881CC267B3C62001E38EE /* Info.plist */ = {isa = PBXFileReference; lastKnownFileType = text.plist.xml; path = Info.plist; sourceTree = "<group>"; };
		7F6881D2267B3CFD001E38EE /* CoinDecoderTest.swift */ = {isa = PBXFileReference; lastKnownFileType = sourcecode.swift; path = CoinDecoderTest.swift; sourceTree = "<group>"; };
		7F6881D7267B473F001E38EE /* coins.json */ = {isa = PBXFileReference; lastKnownFileType = text.json; path = coins.json; sourceTree = "<group>"; };
		7F6967DE267774B60038E896 /* SearchBarView.swift */ = {isa = PBXFileReference; lastKnownFileType = sourcecode.swift; path = SearchBarView.swift; sourceTree = "<group>"; };
		7F6967E126777BC50038E896 /* UIApplication+Extension.swift */ = {isa = PBXFileReference; lastKnownFileType = sourcecode.swift; path = "UIApplication+Extension.swift"; sourceTree = "<group>"; };
		7F6967E4267782DC0038E896 /* Coin.swift */ = {isa = PBXFileReference; lastKnownFileType = sourcecode.swift; path = Coin.swift; sourceTree = "<group>"; };
		7F6CE3EF26769E08006E3FD2 /* FileService.swift */ = {isa = PBXFileReference; lastKnownFileType = sourcecode.swift; path = FileService.swift; sourceTree = "<group>"; };
		7F71B7BD267BACC400B1745A /* Coins.xcdatamodel */ = {isa = PBXFileReference; lastKnownFileType = wrapper.xcdatamodel; path = Coins.xcdatamodel; sourceTree = "<group>"; };
		7F773B24266D3AC30053CE3F /* TestView.swift */ = {isa = PBXFileReference; lastKnownFileType = sourcecode.swift; path = TestView.swift; sourceTree = "<group>"; };
		7F782F0F26579EC700A358D2 /* CryFiat.app */ = {isa = PBXFileReference; explicitFileType = wrapper.application; includeInIndex = 0; path = CryFiat.app; sourceTree = BUILT_PRODUCTS_DIR; };
		7F782F1226579EC700A358D2 /* CryFiatApp.swift */ = {isa = PBXFileReference; lastKnownFileType = sourcecode.swift; path = CryFiatApp.swift; sourceTree = "<group>"; };
		7F782F1426579EC700A358D2 /* ContentView.swift */ = {isa = PBXFileReference; lastKnownFileType = sourcecode.swift; path = ContentView.swift; sourceTree = "<group>"; };
		7F782F1926579EC900A358D2 /* Preview Assets.xcassets */ = {isa = PBXFileReference; lastKnownFileType = folder.assetcatalog; path = "Preview Assets.xcassets"; sourceTree = "<group>"; };
		7F782F1B26579EC900A358D2 /* Info.plist */ = {isa = PBXFileReference; lastKnownFileType = text.plist.xml; path = Info.plist; sourceTree = "<group>"; };
		7F782F242657A1BB00A358D2 /* APICryptoService.swift */ = {isa = PBXFileReference; lastKnownFileType = sourcecode.swift; path = APICryptoService.swift; sourceTree = "<group>"; };
		7F782F262657C30600A358D2 /* DataStoreModel.swift */ = {isa = PBXFileReference; lastKnownFileType = sourcecode.swift; path = DataStoreModel.swift; sourceTree = "<group>"; };
		7F782F282657EAF400A358D2 /* CryptocurrencyStructures.swift */ = {isa = PBXFileReference; lastKnownFileType = sourcecode.swift; path = CryptocurrencyStructures.swift; sourceTree = "<group>"; };
		7F7865F82678B7E600D74C1D /* Double+Extension.swift */ = {isa = PBXFileReference; lastKnownFileType = sourcecode.swift; path = "Double+Extension.swift"; sourceTree = "<group>"; };
		7F7865FA26792C8E00D74C1D /* CoinSizeCardView.swift */ = {isa = PBXFileReference; lastKnownFileType = sourcecode.swift; path = CoinSizeCardView.swift; sourceTree = "<group>"; };
		7F7876AE2674C3B900A2C54F /* CoinSelectionVM.swift */ = {isa = PBXFileReference; lastKnownFileType = sourcecode.swift; path = CoinSelectionVM.swift; sourceTree = "<group>"; };
		7F7876B12674C99900A2C54F /* CoinMarketService.swift */ = {isa = PBXFileReference; lastKnownFileType = sourcecode.swift; path = CoinMarketService.swift; sourceTree = "<group>"; };
		7F7876B32674DB5E00A2C54F /* DownloadService.swift */ = {isa = PBXFileReference; lastKnownFileType = sourcecode.swift; path = DownloadService.swift; sourceTree = "<group>"; };
		7F7876B82674FB1D00A2C54F /* CoinImageView.swift */ = {isa = PBXFileReference; lastKnownFileType = sourcecode.swift; path = CoinImageView.swift; sourceTree = "<group>"; };
		7F7876BA2674FB2F00A2C54F /* CoinImageVM.swift */ = {isa = PBXFileReference; lastKnownFileType = sourcecode.swift; path = CoinImageVM.swift; sourceTree = "<group>"; };
		7F7876BC2674FD9800A2C54F /* CoinImageService.swift */ = {isa = PBXFileReference; lastKnownFileType = sourcecode.swift; path = CoinImageService.swift; sourceTree = "<group>"; };
		7F7876BE2675090A00A2C54F /* CoinCardView.swift */ = {isa = PBXFileReference; lastKnownFileType = sourcecode.swift; path = CoinCardView.swift; sourceTree = "<group>"; };
		7F7876C026750AFF00A2C54F /* PreviewVM.swift */ = {isa = PBXFileReference; lastKnownFileType = sourcecode.swift; path = PreviewVM.swift; sourceTree = "<group>"; };
		7F798CA9267A1D25001DD404 /* CardSizeViewModifier.swift */ = {isa = PBXFileReference; lastKnownFileType = sourcecode.swift; path = CardSizeViewModifier.swift; sourceTree = "<group>"; };
		7F798CAB267A3D35001DD404 /* Assets.xcassets */ = {isa = PBXFileReference; lastKnownFileType = folder.assetcatalog; path = Assets.xcassets; sourceTree = "<group>"; };
		7F81262E267BD722006A96AD /* LocalDataService.swift */ = {isa = PBXFileReference; lastKnownFileType = sourcecode.swift; path = LocalDataService.swift; sourceTree = "<group>"; };
		7F946CF726590DD9004DBB35 /* FileManager+Extension.swift */ = {isa = PBXFileReference; lastKnownFileType = sourcecode.swift; path = "FileManager+Extension.swift"; sourceTree = "<group>"; };
		7F946CF9265915ED004DBB35 /* JsonFile.swift */ = {isa = PBXFileReference; lastKnownFileType = sourcecode.swift; path = JsonFile.swift; sourceTree = "<group>"; };
		7FDB1F8A266005A200403135 /* DetailContent.swift */ = {isa = PBXFileReference; lastKnownFileType = sourcecode.swift; path = DetailContent.swift; sourceTree = "<group>"; };
/* End PBXFileReference section */

/* Begin PBXFrameworksBuildPhase section */
		7F6881C5267B3C62001E38EE /* Frameworks */ = {
			isa = PBXFrameworksBuildPhase;
			buildActionMask = 2147483647;
			files = (
			);
			runOnlyForDeploymentPostprocessing = 0;
		};
		7F782F0C26579EC700A358D2 /* Frameworks */ = {
			isa = PBXFrameworksBuildPhase;
			buildActionMask = 2147483647;
			files = (
			);
			runOnlyForDeploymentPostprocessing = 0;
		};
/* End PBXFrameworksBuildPhase section */

/* Begin PBXGroup section */
		7F6881C9267B3C62001E38EE /* CryFiatTests */ = {
			isa = PBXGroup;
			children = (
				7F6881D6267B46FF001E38EE /* files */,
				7F6881CA267B3C62001E38EE /* CryFiatTests.swift */,
				7F6881CC267B3C62001E38EE /* Info.plist */,
				7F6881D2267B3CFD001E38EE /* CoinDecoderTest.swift */,
			);
			path = CryFiatTests;
			sourceTree = "<group>";
		};
		7F6881D6267B46FF001E38EE /* files */ = {
			isa = PBXGroup;
			children = (
				7F6881D7267B473F001E38EE /* coins.json */,
			);
			path = files;
			sourceTree = "<group>";
		};
		7F6967E026777B9D0038E896 /* Extensions */ = {
			isa = PBXGroup;
			children = (
				7F6967E126777BC50038E896 /* UIApplication+Extension.swift */,
				7F7865F82678B7E600D74C1D /* Double+Extension.swift */,
			);
			path = Extensions;
			sourceTree = "<group>";
		};
		7F6967E32677817F0038E896 /* Models */ = {
			isa = PBXGroup;
			children = (
				7F6967E4267782DC0038E896 /* Coin.swift */,
				7F71B7BC267BACC400B1745A /* UserCoins.xcdatamodeld */,
			);
			path = Models;
			sourceTree = "<group>";
		};
		7F782F0626579EC700A358D2 = {
			isa = PBXGroup;
			children = (
				7F798CAB267A3D35001DD404 /* Assets.xcassets */,
				7F782F1226579EC700A358D2 /* CryFiatApp.swift */,
				7F782F1126579EC700A358D2 /* CryFiat */,
				7F6881C9267B3C62001E38EE /* CryFiatTests */,
				7F782F1026579EC700A358D2 /* Products */,
			);
			sourceTree = "<group>";
		};
		7F782F1026579EC700A358D2 /* Products */ = {
			isa = PBXGroup;
			children = (
				7F782F0F26579EC700A358D2 /* CryFiat.app */,
				7F6881C8267B3C62001E38EE /* CryFiatTests.xctest */,
			);
			name = Products;
			sourceTree = "<group>";
		};
		7F782F1126579EC700A358D2 /* CryFiat */ = {
			isa = PBXGroup;
			children = (
				7F6967E32677817F0038E896 /* Models */,
				7F6967E026777B9D0038E896 /* Extensions */,
				7F7876B02674C97C00A2C54F /* Service */,
				7F7876AD2674C39900A2C54F /* ViewModels */,
				7F7876AC2674C38500A2C54F /* Views */,
				7F946CF626590D93004DBB35 /* Extensions OLD */,
				7F782F222657A04D00A358D2 /* Models OLD */,
				7F782F232657A09500A358D2 /* ViewModels OLD */,
				7F782F212657A03C00A358D2 /* Views OLD */,
				7F782F1B26579EC900A358D2 /* Info.plist */,
				7F782F1826579EC900A358D2 /* Preview Content */,
			);
			path = CryFiat;
			sourceTree = "<group>";
		};
		7F782F1826579EC900A358D2 /* Preview Content */ = {
			isa = PBXGroup;
			children = (
				7F782F1926579EC900A358D2 /* Preview Assets.xcassets */,
			);
			path = "Preview Content";
			sourceTree = "<group>";
		};
		7F782F212657A03C00A358D2 /* Views OLD */ = {
			isa = PBXGroup;
			children = (
				7F782F1426579EC700A358D2 /* ContentView.swift */,
				7F773B24266D3AC30053CE3F /* TestView.swift */,
				7F66A244265ED84B00B891DD /* CryptoDetail.swift */,
				7FDB1F8A266005A200403135 /* DetailContent.swift */,
			);
			path = "Views OLD";
			sourceTree = "<group>";
		};
		7F782F222657A04D00A358D2 /* Models OLD */ = {
			isa = PBXGroup;
			children = (
				7F782F242657A1BB00A358D2 /* APICryptoService.swift */,
				7F782F282657EAF400A358D2 /* CryptocurrencyStructures.swift */,
				7F946CF9265915ED004DBB35 /* JsonFile.swift */,
			);
			path = "Models OLD";
			sourceTree = "<group>";
		};
		7F782F232657A09500A358D2 /* ViewModels OLD */ = {
			isa = PBXGroup;
			children = (
				7F782F262657C30600A358D2 /* DataStoreModel.swift */,
				7F66A242265E901500B891DD /* AppViewModel.swift */,
			);
			path = "ViewModels OLD";
			sourceTree = "<group>";
		};
		7F7876AC2674C38500A2C54F /* Views */ = {
			isa = PBXGroup;
			children = (
				7F798CA8267A1A54001DD404 /* Modifiers */,
				7F66A240265E6A6800B891DD /* CoinSelectionView.swift */,
				7F7876BE2675090A00A2C54F /* CoinCardView.swift */,
				7F7876B82674FB1D00A2C54F /* CoinImageView.swift */,
				7F6967DE267774B60038E896 /* SearchBarView.swift */,
				7F7865FA26792C8E00D74C1D /* CoinSizeCardView.swift */,
				7F049615267E14ED0045A6FB /* HomeView.swift */,
			);
			path = Views;
			sourceTree = "<group>";
		};
		7F7876AD2674C39900A2C54F /* ViewModels */ = {
			isa = PBXGroup;
			children = (
				7F7876AE2674C3B900A2C54F /* CoinSelectionVM.swift */,
				7F7876BA2674FB2F00A2C54F /* CoinImageVM.swift */,
				7F7876C026750AFF00A2C54F /* PreviewVM.swift */,
				7F049617267E19D00045A6FB /* HomeVM.swift */,
			);
			path = ViewModels;
			sourceTree = "<group>";
		};
		7F7876B02674C97C00A2C54F /* Service */ = {
			isa = PBXGroup;
			children = (
				7F7876B12674C99900A2C54F /* CoinMarketService.swift */,
				7F7876BC2674FD9800A2C54F /* CoinImageService.swift */,
				7F7876B32674DB5E00A2C54F /* DownloadService.swift */,
				7F6CE3EF26769E08006E3FD2 /* FileService.swift */,
				7F81262E267BD722006A96AD /* LocalDataService.swift */,
			);
			path = Service;
			sourceTree = "<group>";
		};
		7F798CA8267A1A54001DD404 /* Modifiers */ = {
			isa = PBXGroup;
			children = (
				7F798CA9267A1D25001DD404 /* CardSizeViewModifier.swift */,
			);
			path = Modifiers;
			sourceTree = "<group>";
		};
		7F946CF626590D93004DBB35 /* Extensions OLD */ = {
			isa = PBXGroup;
			children = (
				7F946CF726590DD9004DBB35 /* FileManager+Extension.swift */,
			);
			path = "Extensions OLD";
			sourceTree = "<group>";
		};
/* End PBXGroup section */

/* Begin PBXNativeTarget section */
		7F6881C7267B3C62001E38EE /* CryFiatTests */ = {
			isa = PBXNativeTarget;
			buildConfigurationList = 7F6881CF267B3C62001E38EE /* Build configuration list for PBXNativeTarget "CryFiatTests" */;
			buildPhases = (
				7F6881C4267B3C62001E38EE /* Sources */,
				7F6881C5267B3C62001E38EE /* Frameworks */,
				7F6881C6267B3C62001E38EE /* Resources */,
			);
			buildRules = (
			);
			dependencies = (
				7F6881CE267B3C62001E38EE /* PBXTargetDependency */,
			);
			name = CryFiatTests;
			productName = CryFiatTests;
			productReference = 7F6881C8267B3C62001E38EE /* CryFiatTests.xctest */;
			productType = "com.apple.product-type.bundle.unit-test";
		};
		7F782F0E26579EC700A358D2 /* CryFiat */ = {
			isa = PBXNativeTarget;
			buildConfigurationList = 7F782F1E26579EC900A358D2 /* Build configuration list for PBXNativeTarget "CryFiat" */;
			buildPhases = (
				7F782F0B26579EC700A358D2 /* Sources */,
				7F782F0C26579EC700A358D2 /* Frameworks */,
				7F782F0D26579EC700A358D2 /* Resources */,
			);
			buildRules = (
			);
			dependencies = (
			);
			name = CryFiat;
			productName = CryFiat;
			productReference = 7F782F0F26579EC700A358D2 /* CryFiat.app */;
			productType = "com.apple.product-type.application";
		};
/* End PBXNativeTarget section */

/* Begin PBXProject section */
		7F782F0726579EC700A358D2 /* Project object */ = {
			isa = PBXProject;
			attributes = {
				LastSwiftUpdateCheck = 1250;
				LastUpgradeCheck = 1250;
				TargetAttributes = {
					7F6881C7267B3C62001E38EE = {
						CreatedOnToolsVersion = 12.5;
						TestTargetID = 7F782F0E26579EC700A358D2;
					};
					7F782F0E26579EC700A358D2 = {
						CreatedOnToolsVersion = 12.5;
					};
				};
			};
			buildConfigurationList = 7F782F0A26579EC700A358D2 /* Build configuration list for PBXProject "CryFiat" */;
			compatibilityVersion = "Xcode 9.3";
			developmentRegion = en;
			hasScannedForEncodings = 0;
			knownRegions = (
				en,
				Base,
			);
			mainGroup = 7F782F0626579EC700A358D2;
			productRefGroup = 7F782F1026579EC700A358D2 /* Products */;
			projectDirPath = "";
			projectRoot = "";
			targets = (
				7F782F0E26579EC700A358D2 /* CryFiat */,
				7F6881C7267B3C62001E38EE /* CryFiatTests */,
			);
		};
/* End PBXProject section */

/* Begin PBXResourcesBuildPhase section */
		7F6881C6267B3C62001E38EE /* Resources */ = {
			isa = PBXResourcesBuildPhase;
			buildActionMask = 2147483647;
			files = (
				7F6881D8267B473F001E38EE /* coins.json in Resources */,
			);
			runOnlyForDeploymentPostprocessing = 0;
		};
		7F782F0D26579EC700A358D2 /* Resources */ = {
			isa = PBXResourcesBuildPhase;
			buildActionMask = 2147483647;
			files = (
				7F798CAC267A3D35001DD404 /* Assets.xcassets in Resources */,
				7F782F1A26579EC900A358D2 /* Preview Assets.xcassets in Resources */,
			);
			runOnlyForDeploymentPostprocessing = 0;
		};
/* End PBXResourcesBuildPhase section */

/* Begin PBXSourcesBuildPhase section */
		7F6881C4267B3C62001E38EE /* Sources */ = {
			isa = PBXSourcesBuildPhase;
			buildActionMask = 2147483647;
			files = (
				7F6881CB267B3C62001E38EE /* CryFiatTests.swift in Sources */,
				7F6881D3267B3CFD001E38EE /* CoinDecoderTest.swift in Sources */,
			);
			runOnlyForDeploymentPostprocessing = 0;
		};
		7F782F0B26579EC700A358D2 /* Sources */ = {
			isa = PBXSourcesBuildPhase;
			buildActionMask = 2147483647;
			files = (
				7F798CAA267A1D25001DD404 /* CardSizeViewModifier.swift in Sources */,
				7F7876BB2674FB2F00A2C54F /* CoinImageVM.swift in Sources */,
				7F71B7BE267BACC400B1745A /* UserCoins.xcdatamodeld in Sources */,
				7F049616267E14ED0045A6FB /* HomeView.swift in Sources */,
				7F773B25266D3AC30053CE3F /* TestView.swift in Sources */,
				7F782F252657A1BB00A358D2 /* APICryptoService.swift in Sources */,
				7F7876B22674C99900A2C54F /* CoinMarketService.swift in Sources */,
				7F782F1526579EC700A358D2 /* ContentView.swift in Sources */,
				7F66A243265E901500B891DD /* AppViewModel.swift in Sources */,
				7F6967E5267782DC0038E896 /* Coin.swift in Sources */,
				7F7876B92674FB1D00A2C54F /* CoinImageView.swift in Sources */,
				7F7876C126750AFF00A2C54F /* PreviewVM.swift in Sources */,
				7F6CE3F026769E08006E3FD2 /* FileService.swift in Sources */,
				7F66A245265ED84B00B891DD /* CryptoDetail.swift in Sources */,
				7F782F1326579EC700A358D2 /* CryFiatApp.swift in Sources */,
				7F7865FB26792C8E00D74C1D /* CoinSizeCardView.swift in Sources */,
				7F7876B42674DB5E00A2C54F /* DownloadService.swift in Sources */,
				7F7876AF2674C3B900A2C54F /* CoinSelectionVM.swift in Sources */,
				7F782F292657EAF400A358D2 /* CryptocurrencyStructures.swift in Sources */,
				7F66A241265E6A6800B891DD /* CoinSelectionView.swift in Sources */,
				7F81262F267BD722006A96AD /* LocalDataService.swift in Sources */,
				7F782F272657C30600A358D2 /* DataStoreModel.swift in Sources */,
				7F946CF826590DD9004DBB35 /* FileManager+Extension.swift in Sources */,
				7F7876BF2675090A00A2C54F /* CoinCardView.swift in Sources */,
				7F6967DF267774B60038E896 /* SearchBarView.swift in Sources */,
				7F049618267E19D00045A6FB /* HomeVM.swift in Sources */,
				7FDB1F8B266005A200403135 /* DetailContent.swift in Sources */,
				7F6967E226777BC50038E896 /* UIApplication+Extension.swift in Sources */,
				7F7876BD2674FD9800A2C54F /* CoinImageService.swift in Sources */,
				7F7865F92678B7E600D74C1D /* Double+Extension.swift in Sources */,
				7F946CFA265915ED004DBB35 /* JsonFile.swift in Sources */,
			);
			runOnlyForDeploymentPostprocessing = 0;
		};
/* End PBXSourcesBuildPhase section */

/* Begin PBXTargetDependency section */
		7F6881CE267B3C62001E38EE /* PBXTargetDependency */ = {
			isa = PBXTargetDependency;
			target = 7F782F0E26579EC700A358D2 /* CryFiat */;
			targetProxy = 7F6881CD267B3C62001E38EE /* PBXContainerItemProxy */;
		};
/* End PBXTargetDependency section */

/* Begin XCBuildConfiguration section */
		7F6881D0267B3C62001E38EE /* Debug */ = {
			isa = XCBuildConfiguration;
			buildSettings = {
				BUNDLE_LOADER = "$(TEST_HOST)";
				CODE_SIGN_STYLE = Automatic;
				DEVELOPMENT_TEAM = J57U5HP4K7;
				INFOPLIST_FILE = CryFiatTests/Info.plist;
				LD_RUNPATH_SEARCH_PATHS = (
					"$(inherited)",
					"@executable_path/Frameworks",
					"@loader_path/Frameworks",
				);
				PRODUCT_BUNDLE_IDENTIFIER = cz.jenikmiklas.CryFiatTests;
				PRODUCT_NAME = "$(TARGET_NAME)";
				SWIFT_VERSION = 5.0;
				TARGETED_DEVICE_FAMILY = "1,2";
				TEST_HOST = "$(BUILT_PRODUCTS_DIR)/CryFiat.app/CryFiat";
			};
			name = Debug;
		};
		7F6881D1267B3C62001E38EE /* Release */ = {
			isa = XCBuildConfiguration;
			buildSettings = {
				BUNDLE_LOADER = "$(TEST_HOST)";
				CODE_SIGN_STYLE = Automatic;
				DEVELOPMENT_TEAM = J57U5HP4K7;
				INFOPLIST_FILE = CryFiatTests/Info.plist;
				LD_RUNPATH_SEARCH_PATHS = (
					"$(inherited)",
					"@executable_path/Frameworks",
					"@loader_path/Frameworks",
				);
				PRODUCT_BUNDLE_IDENTIFIER = cz.jenikmiklas.CryFiatTests;
				PRODUCT_NAME = "$(TARGET_NAME)";
				SWIFT_VERSION = 5.0;
				TARGETED_DEVICE_FAMILY = "1,2";
				TEST_HOST = "$(BUILT_PRODUCTS_DIR)/CryFiat.app/CryFiat";
			};
			name = Release;
		};
		7F782F1C26579EC900A358D2 /* Debug */ = {
			isa = XCBuildConfiguration;
			buildSettings = {
				ALWAYS_SEARCH_USER_PATHS = NO;
				CLANG_ANALYZER_NONNULL = YES;
				CLANG_ANALYZER_NUMBER_OBJECT_CONVERSION = YES_AGGRESSIVE;
				CLANG_CXX_LANGUAGE_STANDARD = "gnu++14";
				CLANG_CXX_LIBRARY = "libc++";
				CLANG_ENABLE_MODULES = YES;
				CLANG_ENABLE_OBJC_ARC = YES;
				CLANG_ENABLE_OBJC_WEAK = YES;
				CLANG_WARN_BLOCK_CAPTURE_AUTORELEASING = YES;
				CLANG_WARN_BOOL_CONVERSION = YES;
				CLANG_WARN_COMMA = YES;
				CLANG_WARN_CONSTANT_CONVERSION = YES;
				CLANG_WARN_DEPRECATED_OBJC_IMPLEMENTATIONS = YES;
				CLANG_WARN_DIRECT_OBJC_ISA_USAGE = YES_ERROR;
				CLANG_WARN_DOCUMENTATION_COMMENTS = YES;
				CLANG_WARN_EMPTY_BODY = YES;
				CLANG_WARN_ENUM_CONVERSION = YES;
				CLANG_WARN_INFINITE_RECURSION = YES;
				CLANG_WARN_INT_CONVERSION = YES;
				CLANG_WARN_NON_LITERAL_NULL_CONVERSION = YES;
				CLANG_WARN_OBJC_IMPLICIT_RETAIN_SELF = YES;
				CLANG_WARN_OBJC_LITERAL_CONVERSION = YES;
				CLANG_WARN_OBJC_ROOT_CLASS = YES_ERROR;
				CLANG_WARN_QUOTED_INCLUDE_IN_FRAMEWORK_HEADER = YES;
				CLANG_WARN_RANGE_LOOP_ANALYSIS = YES;
				CLANG_WARN_STRICT_PROTOTYPES = YES;
				CLANG_WARN_SUSPICIOUS_MOVE = YES;
				CLANG_WARN_UNGUARDED_AVAILABILITY = YES_AGGRESSIVE;
				CLANG_WARN_UNREACHABLE_CODE = YES;
				CLANG_WARN__DUPLICATE_METHOD_MATCH = YES;
				COPY_PHASE_STRIP = NO;
				DEBUG_INFORMATION_FORMAT = dwarf;
				ENABLE_STRICT_OBJC_MSGSEND = YES;
				ENABLE_TESTABILITY = YES;
				GCC_C_LANGUAGE_STANDARD = gnu11;
				GCC_DYNAMIC_NO_PIC = NO;
				GCC_NO_COMMON_BLOCKS = YES;
				GCC_OPTIMIZATION_LEVEL = 0;
				GCC_PREPROCESSOR_DEFINITIONS = (
					"DEBUG=1",
					"$(inherited)",
				);
				GCC_WARN_64_TO_32_BIT_CONVERSION = YES;
				GCC_WARN_ABOUT_RETURN_TYPE = YES_ERROR;
				GCC_WARN_UNDECLARED_SELECTOR = YES;
				GCC_WARN_UNINITIALIZED_AUTOS = YES_AGGRESSIVE;
				GCC_WARN_UNUSED_FUNCTION = YES;
				GCC_WARN_UNUSED_VARIABLE = YES;
				IPHONEOS_DEPLOYMENT_TARGET = 14.5;
				MTL_ENABLE_DEBUG_INFO = INCLUDE_SOURCE;
				MTL_FAST_MATH = YES;
				ONLY_ACTIVE_ARCH = YES;
				SDKROOT = iphoneos;
				SWIFT_ACTIVE_COMPILATION_CONDITIONS = DEBUG;
				SWIFT_OPTIMIZATION_LEVEL = "-Onone";
			};
			name = Debug;
		};
		7F782F1D26579EC900A358D2 /* Release */ = {
			isa = XCBuildConfiguration;
			buildSettings = {
				ALWAYS_SEARCH_USER_PATHS = NO;
				CLANG_ANALYZER_NONNULL = YES;
				CLANG_ANALYZER_NUMBER_OBJECT_CONVERSION = YES_AGGRESSIVE;
				CLANG_CXX_LANGUAGE_STANDARD = "gnu++14";
				CLANG_CXX_LIBRARY = "libc++";
				CLANG_ENABLE_MODULES = YES;
				CLANG_ENABLE_OBJC_ARC = YES;
				CLANG_ENABLE_OBJC_WEAK = YES;
				CLANG_WARN_BLOCK_CAPTURE_AUTORELEASING = YES;
				CLANG_WARN_BOOL_CONVERSION = YES;
				CLANG_WARN_COMMA = YES;
				CLANG_WARN_CONSTANT_CONVERSION = YES;
				CLANG_WARN_DEPRECATED_OBJC_IMPLEMENTATIONS = YES;
				CLANG_WARN_DIRECT_OBJC_ISA_USAGE = YES_ERROR;
				CLANG_WARN_DOCUMENTATION_COMMENTS = YES;
				CLANG_WARN_EMPTY_BODY = YES;
				CLANG_WARN_ENUM_CONVERSION = YES;
				CLANG_WARN_INFINITE_RECURSION = YES;
				CLANG_WARN_INT_CONVERSION = YES;
				CLANG_WARN_NON_LITERAL_NULL_CONVERSION = YES;
				CLANG_WARN_OBJC_IMPLICIT_RETAIN_SELF = YES;
				CLANG_WARN_OBJC_LITERAL_CONVERSION = YES;
				CLANG_WARN_OBJC_ROOT_CLASS = YES_ERROR;
				CLANG_WARN_QUOTED_INCLUDE_IN_FRAMEWORK_HEADER = YES;
				CLANG_WARN_RANGE_LOOP_ANALYSIS = YES;
				CLANG_WARN_STRICT_PROTOTYPES = YES;
				CLANG_WARN_SUSPICIOUS_MOVE = YES;
				CLANG_WARN_UNGUARDED_AVAILABILITY = YES_AGGRESSIVE;
				CLANG_WARN_UNREACHABLE_CODE = YES;
				CLANG_WARN__DUPLICATE_METHOD_MATCH = YES;
				COPY_PHASE_STRIP = NO;
				DEBUG_INFORMATION_FORMAT = "dwarf-with-dsym";
				ENABLE_NS_ASSERTIONS = NO;
				ENABLE_STRICT_OBJC_MSGSEND = YES;
				GCC_C_LANGUAGE_STANDARD = gnu11;
				GCC_NO_COMMON_BLOCKS = YES;
				GCC_WARN_64_TO_32_BIT_CONVERSION = YES;
				GCC_WARN_ABOUT_RETURN_TYPE = YES_ERROR;
				GCC_WARN_UNDECLARED_SELECTOR = YES;
				GCC_WARN_UNINITIALIZED_AUTOS = YES_AGGRESSIVE;
				GCC_WARN_UNUSED_FUNCTION = YES;
				GCC_WARN_UNUSED_VARIABLE = YES;
				IPHONEOS_DEPLOYMENT_TARGET = 14.5;
				MTL_ENABLE_DEBUG_INFO = NO;
				MTL_FAST_MATH = YES;
				SDKROOT = iphoneos;
				SWIFT_COMPILATION_MODE = wholemodule;
				SWIFT_OPTIMIZATION_LEVEL = "-O";
				VALIDATE_PRODUCT = YES;
			};
			name = Release;
		};
		7F782F1F26579EC900A358D2 /* Debug */ = {
			isa = XCBuildConfiguration;
			buildSettings = {
				ASSETCATALOG_COMPILER_APPICON_NAME = AppIcon;
				ASSETCATALOG_COMPILER_GLOBAL_ACCENT_COLOR_NAME = AccentColor;
				CODE_SIGN_STYLE = Automatic;
				DEVELOPMENT_ASSET_PATHS = "\"CryFiat/Preview Content\"";
				DEVELOPMENT_TEAM = J57U5HP4K7;
				ENABLE_PREVIEWS = YES;
				INFOPLIST_FILE = CryFiat/Info.plist;
				IPHONEOS_DEPLOYMENT_TARGET = 14.0;
				LD_RUNPATH_SEARCH_PATHS = (
					"$(inherited)",
					"@executable_path/Frameworks",
				);
				PRODUCT_BUNDLE_IDENTIFIER = cz.jenikmiklas.CryFiat;
				PRODUCT_NAME = "$(TARGET_NAME)";
				SWIFT_VERSION = 5.0;
				TARGETED_DEVICE_FAMILY = "1,2";
			};
			name = Debug;
		};
		7F782F2026579EC900A358D2 /* Release */ = {
			isa = XCBuildConfiguration;
			buildSettings = {
				ASSETCATALOG_COMPILER_APPICON_NAME = AppIcon;
				ASSETCATALOG_COMPILER_GLOBAL_ACCENT_COLOR_NAME = AccentColor;
				CODE_SIGN_STYLE = Automatic;
				DEVELOPMENT_ASSET_PATHS = "\"CryFiat/Preview Content\"";
				DEVELOPMENT_TEAM = J57U5HP4K7;
				ENABLE_PREVIEWS = YES;
				INFOPLIST_FILE = CryFiat/Info.plist;
				IPHONEOS_DEPLOYMENT_TARGET = 14.0;
				LD_RUNPATH_SEARCH_PATHS = (
					"$(inherited)",
					"@executable_path/Frameworks",
				);
				PRODUCT_BUNDLE_IDENTIFIER = cz.jenikmiklas.CryFiat;
				PRODUCT_NAME = "$(TARGET_NAME)";
				SWIFT_VERSION = 5.0;
				TARGETED_DEVICE_FAMILY = "1,2";
			};
			name = Release;
		};
/* End XCBuildConfiguration section */

/* Begin XCConfigurationList section */
		7F6881CF267B3C62001E38EE /* Build configuration list for PBXNativeTarget "CryFiatTests" */ = {
			isa = XCConfigurationList;
			buildConfigurations = (
				7F6881D0267B3C62001E38EE /* Debug */,
				7F6881D1267B3C62001E38EE /* Release */,
			);
			defaultConfigurationIsVisible = 0;
			defaultConfigurationName = Release;
		};
		7F782F0A26579EC700A358D2 /* Build configuration list for PBXProject "CryFiat" */ = {
			isa = XCConfigurationList;
			buildConfigurations = (
				7F782F1C26579EC900A358D2 /* Debug */,
				7F782F1D26579EC900A358D2 /* Release */,
			);
			defaultConfigurationIsVisible = 0;
			defaultConfigurationName = Release;
		};
		7F782F1E26579EC900A358D2 /* Build configuration list for PBXNativeTarget "CryFiat" */ = {
			isa = XCConfigurationList;
			buildConfigurations = (
				7F782F1F26579EC900A358D2 /* Debug */,
				7F782F2026579EC900A358D2 /* Release */,
			);
			defaultConfigurationIsVisible = 0;
			defaultConfigurationName = Release;
		};
/* End XCConfigurationList section */

/* Begin XCVersionGroup section */
		7F71B7BC267BACC400B1745A /* UserCoins.xcdatamodeld */ = {
			isa = XCVersionGroup;
			children = (
				7F71B7BD267BACC400B1745A /* Coins.xcdatamodel */,
			);
			currentVersion = 7F71B7BD267BACC400B1745A /* Coins.xcdatamodel */;
			path = UserCoins.xcdatamodeld;
			sourceTree = "<group>";
			versionGroupType = wrapper.xcdatamodel;
		};
/* End XCVersionGroup section */
	};
	rootObject = 7F782F0726579EC700A358D2 /* Project object */;
}
